Microsoft Visual Studio Solution File, Format Version 12.00
# Visual Studio Version 17
VisualStudioVersion = 17.5.2.0
MinimumVisualStudioVersion = 10.0.40219.1
Project("{2150E333-8FDC-42A3-9474-1A3956D46DE8}") = "_analysis_zanzomouse", "_analysis_zanzomouse", "{10F0AB85-7B8C-7C4D-F036-84C27906BAEC}"
EndProject
Project("{FAE04EC0-301F-11D3-BF4B-00C04F79EFBC}") = "zanzomouse", "_analysis_zanzomouse\zanzomouse.csproj", "{25AD3382-D6C5-8998-973B-B94A99107E57}"
EndProject
Global
	GlobalSection(SolutionConfigurationPlatforms) = preSolution
		Debug|Any CPU = Debug|Any CPU
		Release|Any CPU = Release|Any CPU
	EndGlobalSection
	GlobalSection(ProjectConfigurationPlatforms) = postSolution
		{25AD3382-D6C5-8998-973B-B94A99107E57}.Debug|Any CPU.ActiveCfg = Debug|Any CPU
		{25AD3382-D6C5-8998-973B-B94A99107E57}.Debug|Any CPU.Build.0 = Debug|Any CPU
		{25AD3382-D6C5-8998-973B-B94A99107E57}.Release|Any CPU.ActiveCfg = Release|Any CPU
		{25AD3382-D6C5-8998-973B-B94A99107E57}.Release|Any CPU.Build.0 = Release|Any CPU
	EndGlobalSection
	GlobalSection(SolutionProperties) = preSolution
		HideSolutionNode = FALSE
	EndGlobalSection
	GlobalSection(NestedProjects) = preSolution
		{25AD3382-D6C5-8998-973B-B94A99107E57} = {10F0AB85-7B8C-7C4D-F036-84C27906BAEC}
	EndGlobalSection
	GlobalSection(ExtensibilityGlobals) = postSolution
		SolutionGuid = {B9F6C9BC-BE12-4E0D-9440-D1AF77EC57B8}
	EndGlobalSection
EndGlobal
